{
  "name": "htmlcontent",
  "version": "1.0.0",
  "lockfileVersion": 2,
  "requires": true,
  "packages": {
    "": {
      "name": "htmlcontent",
      "version": "1.0.0",
      "dependencies": {
        "@angular/common": "~2.1.2",
        "@angular/compiler": "~2.1.2",
        "@angular/core": "~2.1.2",
        "@angular/forms": "~2.1.2",
        "@angular/http": "~2.1.2",
        "@angular/platform-browser": "~2.1.2",
        "@angular/platform-browser-dynamic": "~2.1.2",
        "@angular/router": "~3.1.2",
        "@angular/upgrade": "~2.1.2",
        "angular-in-memory-web-api": "~0.1.13",
        "angular2-slickgrid": "github:microsoft/angular2-slickgrid#1.2.2",
        "copy-paste": "^1.3.0",
        "core-js": "^2.4.1",
        "jasmine-core": "~2.4.1",
        "moment": "^2.15.1",
        "rangy": "^1.3.0",
        "reflect-metadata": "0.1.12",
        "rxjs": "5.0.0-beta.12",
        "slickgrid": "github:anthonydresser/SlickGrid#2.3.23",
        "systemjs": "0.19.40",
        "systemjs-plugin-json": "^0.2.0",
        "underscore": "^1.8.3",
        "zone.js": "^0.6.26"
      },
      "devDependencies": {
        "assert": "^1.4.1"
      }
    },
    "node_modules/@angular/common": {
      "version": "2.1.2",
      "resolved": "https://registry.npmjs.org/@angular/common/-/common-2.1.2.tgz",
      "integrity": "sha1-XFs3wh1uVz3vFnD0OWLCYryb6C4=",
      "peerDependencies": {
        "@angular/core": "2.1.2"
      }
    },
    "node_modules/@angular/compiler": {
      "version": "2.1.2",
      "resolved": "https://registry.npmjs.org/@angular/compiler/-/compiler-2.1.2.tgz",
      "integrity": "sha1-vSpsVY3lNQvdQ6qOjedXlDrAHSo=",
      "peerDependencies": {
        "@angular/core": "2.1.2"
      }
    },
    "node_modules/@angular/core": {
      "version": "2.1.2",
      "resolved": "https://registry.npmjs.org/@angular/core/-/core-2.1.2.tgz",
      "integrity": "sha1-zjlSFkPz2XvFkj1aeqdmBOlz2sg=",
      "peerDependencies": {
        "rxjs": "5.0.0-beta.12",
        "zone.js": "^0.6.21"
      }
    },
    "node_modules/@angular/forms": {
      "version": "2.1.2",
      "resolved": "https://registry.npmjs.org/@angular/forms/-/forms-2.1.2.tgz",
      "integrity": "sha1-xVU56l2m1g9kR185OSrl3Xan6ZA=",
      "peerDependencies": {
        "@angular/common": "2.1.2",
        "@angular/core": "2.1.2"
      }
    },
    "node_modules/@angular/http": {
      "version": "2.1.2",
      "resolved": "https://registry.npmjs.org/@angular/http/-/http-2.1.2.tgz",
      "integrity": "sha1-UKqWw7aKRLmOP4N4hsluWTDrVDo=",
      "deprecated": "Package no longer supported. Use @angular/common instead, see https://angular.io/guide/deprecations#angularhttp",
      "peerDependencies": {
        "@angular/core": "2.1.2",
        "@angular/platform-browser": "2.1.2",
        "rxjs": "5.0.0-beta.12"
      }
    },
    "node_modules/@angular/platform-browser": {
      "version": "2.1.2",
      "resolved": "https://registry.npmjs.org/@angular/platform-browser/-/platform-browser-2.1.2.tgz",
      "integrity": "sha1-HwfDpWaKwjgacyT5ABUh3u3hWbw=",
      "peerDependencies": {
        "@angular/common": "2.1.2",
        "@angular/core": "2.1.2"
      }
    },
    "node_modules/@angular/platform-browser-dynamic": {
      "version": "2.1.2",
      "resolved": "https://registry.npmjs.org/@angular/platform-browser-dynamic/-/platform-browser-dynamic-2.1.2.tgz",
      "integrity": "sha1-PVG0lM/gopNUyMHyg2mINnmYKvQ=",
      "peerDependencies": {
        "@angular/common": "2.1.2",
        "@angular/compiler": "2.1.2",
        "@angular/core": "2.1.2",
        "@angular/platform-browser": "2.1.2"
      }
    },
    "node_modules/@angular/router": {
      "version": "3.1.2",
      "resolved": "https://registry.npmjs.org/@angular/router/-/router-3.1.2.tgz",
      "integrity": "sha1-EEbJQ6znlQJ+LlBX34yJfalo/NY=",
      "peerDependencies": {
        "@angular/common": "2.1.2",
        "@angular/core": "2.1.2",
        "@angular/platform-browser": "2.1.2",
        "rxjs": "5.0.0-beta.12"
      }
    },
    "node_modules/@angular/upgrade": {
      "version": "2.1.2",
      "resolved": "https://registry.npmjs.org/@angular/upgrade/-/upgrade-2.1.2.tgz",
      "integrity": "sha1-/JQj+H/K5BigrjuNVsYV2TVj1E8=",
      "peerDependencies": {
        "@angular/compiler": "2.1.2",
        "@angular/core": "2.1.2",
        "@angular/platform-browser": "2.1.2",
        "@angular/platform-browser-dynamic": "2.1.2"
      }
    },
    "node_modules/angular-in-memory-web-api": {
      "version": "0.1.17",
      "resolved": "https://registry.npmjs.org/angular-in-memory-web-api/-/angular-in-memory-web-api-0.1.17.tgz",
      "integrity": "sha1-jO+rjU4v7HDMmaPkrLge/RvRfL8=",
      "peerDependencies": {
        "@angular/core": "^2.0.0",
        "@angular/http": "^2.0.0",
        "reflect-metadata": "~0.1.8",
        "rxjs": "5.0.0-rc.4",
        "zone.js": "^0.7.2"
      }
    },
    "node_modules/angular2-slickgrid": {
      "version": "1.2.1",
      "resolved": "git+ssh://git@github.com/microsoft/angular2-slickgrid.git#d4716d9718df5012437cf2b52fcddde70089582d",
      "license": "ISC",
      "peerDependencies": {
        "@angular/common": "~2.1.2",
        "@angular/compiler": "~2.1.2",
        "@angular/core": "~2.1.2",
        "@angular/forms": "~2.1.2",
        "@angular/http": "~2.1.2",
        "@angular/platform-browser": "~2.1.2",
        "@angular/platform-browser-dynamic": "~2.1.2",
        "@angular/router": "~3.1.2",
        "@angular/upgrade": "~2.1.2",
        "angular-in-memory-web-api": "~0.1.13",
        "core-js": "^2.4.1",
        "moment": "^2.15.1",
        "reflect-metadata": "^0.1.8",
        "rxjs": "5.0.0-beta.12",
        "slickgrid": "github:anthonydresser/SlickGrid",
        "systemjs": "0.19.40",
        "underscore": "^1.8.3",
        "zone.js": "^0.6.26"
      }
    },
    "node_modules/assert": {
      "version": "1.5.0",
      "resolved": "https://registry.npmjs.org/assert/-/assert-1.5.0.tgz",
      "integrity": "sha512-EDsgawzwoun2CZkCgtxJbv392v4nbk9XDD06zI+kQYoBM/3RBWLlEyJARDOmhAAosBjWACEkKL6S+lIZtcAubA==",
      "dev": true,
      "dependencies": {
        "object-assign": "^4.1.1",
        "util": "0.10.3"
      }
    },
    "node_modules/copy-paste": {
      "version": "1.3.0",
      "resolved": "https://registry.npmjs.org/copy-paste/-/copy-paste-1.3.0.tgz",
      "integrity": "sha1-p+bEocKP3t8rCB5yuX3y75X0ce0=",
      "dependencies": {
        "iconv-lite": "^0.4.8"
      },
      "optionalDependencies": {
        "sync-exec": "~0.6.x"
      }
    },
    "node_modules/core-js": {
      "version": "2.6.12",
      "resolved": "https://registry.npmjs.org/core-js/-/core-js-2.6.12.tgz",
      "integrity": "sha512-Kb2wC0fvsWfQrgk8HU5lW6U/Lcs8+9aaYcy4ZFc6DDlo4nZ7n70dEgE5rtR0oG6ufKDUnrwfWL1mXR5ljDatrQ==",
      "deprecated": "core-js@<3.4 is no longer maintained and not recommended for usage due to the number of issues. Because of the V8 engine whims, feature detection in old core-js versions could cause a slowdown up to 100x even if nothing is polyfilled. Please, upgrade your dependencies to the actual version of core-js.",
      "hasInstallScript": true
    },
    "node_modules/iconv-lite": {
      "version": "0.4.24",
      "resolved": "https://registry.npmjs.org/iconv-lite/-/iconv-lite-0.4.24.tgz",
      "integrity": "sha512-v3MXnZAcvnywkTUEZomIActle7RXXeedOR31wwl7VlyoXO4Qi9arvSenNQWne1TcRwhCL1HwLI21bEqdpj8/rA==",
      "dependencies": {
        "safer-buffer": ">= 2.1.2 < 3"
      },
      "engines": {
        "node": ">=0.10.0"
      }
    },
    "node_modules/inherits": {
      "version": "2.0.1",
      "resolved": "https://registry.npmjs.org/inherits/-/inherits-2.0.1.tgz",
      "integrity": "sha1-sX0I0ya0Qj5Wjv9xn5GwscvfafE=",
      "dev": true
    },
    "node_modules/jasmine-core": {
      "version": "2.4.1",
      "resolved": "https://registry.npmjs.org/jasmine-core/-/jasmine-core-2.4.1.tgz",
      "integrity": "sha1-b4OrOg8WlRcizgfSBsdz1XzIOL4="
    },
    "node_modules/jquery": {
      "version": "3.6.0",
      "resolved": "https://registry.npmjs.org/jquery/-/jquery-3.6.0.tgz",
      "integrity": "sha512-JVzAR/AjBvVt2BmYhxRCSYysDsPcssdmTFnzyLEts9qNwmjmu4JTAMYubEfwVOSwpQ1I1sKKFcxhZCI2buerfw=="
    },
    "node_modules/jquery-ui": {
      "version": "1.13.1",
      "resolved": "https://registry.npmjs.org/jquery-ui/-/jquery-ui-1.13.1.tgz",
      "integrity": "sha512-2VlU59N5P4HaumDK1Z3XEVjSvegFbEOQRgpHUBaB2Ak98Axl3hFhJ6RFcNQNuk9SfL6WxIbuLst8dW/U56NSiA==",
      "dependencies": {
        "jquery": ">=1.8.0 <4.0.0"
      }
    },
    "node_modules/moment": {
      "version": "2.29.1",
      "resolved": "https://registry.npmjs.org/moment/-/moment-2.29.1.tgz",
      "integrity": "sha512-kHmoybcPV8Sqy59DwNDY3Jefr64lK/by/da0ViFcuA4DH0vQg5Q6Ze5VimxkfQNSC+Mls/Kx53s7TjP1RhFEDQ==",
      "engines": {
        "node": "*"
      }
    },
    "node_modules/object-assign": {
      "version": "4.1.1",
      "resolved": "https://registry.npmjs.org/object-assign/-/object-assign-4.1.1.tgz",
      "integrity": "sha1-IQmtx5ZYh8/AXLvUQsrIv7s2CGM=",
      "dev": true,
      "engines": {
        "node": ">=0.10.0"
      }
    },
    "node_modules/rangy": {
      "version": "1.3.0",
      "resolved": "https://registry.npmjs.org/rangy/-/rangy-1.3.0.tgz",
      "integrity": "sha1-t8mnCuoF5djNx0qNTIJz1pcnGQQ="
    },
    "node_modules/reflect-metadata": {
      "version": "0.1.12",
      "resolved": "https://registry.npmjs.org/reflect-metadata/-/reflect-metadata-0.1.12.tgz",
      "integrity": "sha512-n+IyV+nGz3+0q3/Yf1ra12KpCyi001bi4XFxSjbiWWjfqb52iTTtpGXmCCAOWWIAn9KEuFZKGqBERHmrtScZ3A=="
    },
    "node_modules/rxjs": {
      "version": "5.0.0-beta.12",
      "resolved": "https://registry.npmjs.org/rxjs/-/rxjs-5.0.0-beta.12.tgz",
      "integrity": "sha1-zf3i2MRjnSCud5S/+P3fMtp60zc=",
      "dependencies": {
        "symbol-observable": "^1.0.1"
      },
      "engines": {
        "npm": ">=2.0.0"
      }
    },
    "node_modules/safer-buffer": {
      "version": "2.1.2",
      "resolved": "https://registry.npmjs.org/safer-buffer/-/safer-buffer-2.1.2.tgz",
      "integrity": "sha512-YZo3K82SD7Riyi0E1EQPojLz7kpepnSQI9IyPbHHg1XXXevb5dJI7tpyN2ADxGcQbHG7vcyRHk0cbwqcQriUtg=="
    },
    "node_modules/slickgrid": {
      "version": "2.3.23",
      "resolved": "git+ssh://git@github.com/anthonydresser/SlickGrid.git#a88c0c25fd6cbe01be86b3018f523987a198a6b6",
      "license": "MIT",
      "dependencies": {
        "jquery": ">=1.8.0",
        "jquery-ui": ">=1.8.0"
      }
    },
    "node_modules/symbol-observable": {
      "version": "1.2.0",
      "resolved": "https://registry.npmjs.org/symbol-observable/-/symbol-observable-1.2.0.tgz",
      "integrity": "sha512-e900nM8RRtGhlV36KGEU9k65K3mPb1WV70OdjfxlG2EAuM1noi/E/BaW/uMhL7bPEssK8QV57vN3esixjUvcXQ==",
      "engines": {
        "node": ">=0.10.0"
      }
    },
    "node_modules/sync-exec": {
      "version": "0.6.2",
      "resolved": "https://registry.npmjs.org/sync-exec/-/sync-exec-0.6.2.tgz",
      "integrity": "sha1-cX0izFPwzh3vVZQ2LzqJouu5EQU=",
      "optional": true
    },
    "node_modules/systemjs": {
      "version": "0.19.40",
      "resolved": "https://registry.npmjs.org/systemjs/-/systemjs-0.19.40.tgz",
      "integrity": "sha1-FY9kqfTvVBp/2mtA5SfuRrbFTNA=",
      "dependencies": {
        "when": "^3.7.5"
      }
    },
    "node_modules/systemjs-plugin-json": {
      "version": "0.2.3",
      "resolved": "https://registry.npmjs.org/systemjs-plugin-json/-/systemjs-plugin-json-0.2.3.tgz",
      "integrity": "sha1-jiYq4HWgIRGhPt+s7R0VbYu7gQY="
    },
    "node_modules/underscore": {
      "version": "1.13.2",
      "resolved": "https://registry.npmjs.org/underscore/-/underscore-1.13.2.tgz",
      "integrity": "sha512-ekY1NhRzq0B08g4bGuX4wd2jZx5GnKz6mKSqFL4nqBlfyMGiG10gDFhDTMEfYmDL6Jy0FUIZp7wiRB+0BP7J2g=="
    },
    "node_modules/util": {
      "version": "0.10.3",
      "resolved": "https://registry.npmjs.org/util/-/util-0.10.3.tgz",
      "integrity": "sha1-evsa/lCAUkZInj23/g7TeTNqwPk=",
      "dev": true,
      "dependencies": {
        "inherits": "2.0.1"
      }
    },
    "node_modules/when": {
      "version": "3.7.8",
      "resolved": "https://registry.npmjs.org/when/-/when-3.7.8.tgz",
      "integrity": "sha1-xxMLan6gRpPoQs3J56Hyqjmjn4I="
    },
    "node_modules/zone.js": {
      "version": "0.6.26",
      "resolved": "https://registry.npmjs.org/zone.js/-/zone.js-0.6.26.tgz",
      "integrity": "sha1-BnwTuLgCI6ibYuncgmgPCXYsRjY="
    }
  },
  "dependencies": {
    "@angular/common": {
      "version": "2.1.2",
      "resolved": "https://registry.npmjs.org/@angular/common/-/common-2.1.2.tgz",
      "integrity": "sha1-XFs3wh1uVz3vFnD0OWLCYryb6C4=",
      "requires": {}
    },
    "@angular/compiler": {
      "version": "2.1.2",
      "resolved": "https://registry.npmjs.org/@angular/compiler/-/compiler-2.1.2.tgz",
      "integrity": "sha1-vSpsVY3lNQvdQ6qOjedXlDrAHSo=",
      "requires": {}
    },
    "@angular/core": {
      "version": "2.1.2",
      "resolved": "https://registry.npmjs.org/@angular/core/-/core-2.1.2.tgz",
      "integrity": "sha1-zjlSFkPz2XvFkj1aeqdmBOlz2sg=",
      "requires": {}
    },
    "@angular/forms": {
      "version": "2.1.2",
      "resolved": "https://registry.npmjs.org/@angular/forms/-/forms-2.1.2.tgz",
      "integrity": "sha1-xVU56l2m1g9kR185OSrl3Xan6ZA=",
      "requires": {}
    },
    "@angular/http": {
      "version": "2.1.2",
      "resolved": "https://registry.npmjs.org/@angular/http/-/http-2.1.2.tgz",
      "integrity": "sha1-UKqWw7aKRLmOP4N4hsluWTDrVDo=",
      "requires": {}
    },
    "@angular/platform-browser": {
      "version": "2.1.2",
      "resolved": "https://registry.npmjs.org/@angular/platform-browser/-/platform-browser-2.1.2.tgz",
      "integrity": "sha1-HwfDpWaKwjgacyT5ABUh3u3hWbw=",
      "requires": {}
    },
    "@angular/platform-browser-dynamic": {
      "version": "2.1.2",
      "resolved": "https://registry.npmjs.org/@angular/platform-browser-dynamic/-/platform-browser-dynamic-2.1.2.tgz",
      "integrity": "sha1-PVG0lM/gopNUyMHyg2mINnmYKvQ=",
      "requires": {}
    },
    "@angular/router": {
      "version": "3.1.2",
      "resolved": "https://registry.npmjs.org/@angular/router/-/router-3.1.2.tgz",
      "integrity": "sha1-EEbJQ6znlQJ+LlBX34yJfalo/NY=",
      "requires": {}
    },
    "@angular/upgrade": {
      "version": "2.1.2",
      "resolved": "https://registry.npmjs.org/@angular/upgrade/-/upgrade-2.1.2.tgz",
      "integrity": "sha1-/JQj+H/K5BigrjuNVsYV2TVj1E8=",
      "requires": {}
    },
    "angular-in-memory-web-api": {
      "version": "0.1.17",
      "resolved": "https://registry.npmjs.org/angular-in-memory-web-api/-/angular-in-memory-web-api-0.1.17.tgz",
      "integrity": "sha1-jO+rjU4v7HDMmaPkrLge/RvRfL8=",
      "requires": {}
    },
    "angular2-slickgrid": {
      "version": "git+ssh://git@github.com/microsoft/angular2-slickgrid.git#d4716d9718df5012437cf2b52fcddde70089582d",
      "from": "angular2-slickgrid@github:microsoft/angular2-slickgrid#1.2.2",
      "requires": {}
    },
    "assert": {
      "version": "1.5.0",
      "resolved": "https://registry.npmjs.org/assert/-/assert-1.5.0.tgz",
      "integrity": "sha512-EDsgawzwoun2CZkCgtxJbv392v4nbk9XDD06zI+kQYoBM/3RBWLlEyJARDOmhAAosBjWACEkKL6S+lIZtcAubA==",
      "dev": true,
      "requires": {
        "object-assign": "^4.1.1",
        "util": "0.10.3"
      }
    },
    "copy-paste": {
      "version": "1.3.0",
      "resolved": "https://registry.npmjs.org/copy-paste/-/copy-paste-1.3.0.tgz",
      "integrity": "sha1-p+bEocKP3t8rCB5yuX3y75X0ce0=",
      "requires": {
        "iconv-lite": "^0.4.8",
        "sync-exec": "~0.6.x"
      }
    },
    "core-js": {
      "version": "2.6.12",
      "resolved": "https://registry.npmjs.org/core-js/-/core-js-2.6.12.tgz",
      "integrity": "sha512-Kb2wC0fvsWfQrgk8HU5lW6U/Lcs8+9aaYcy4ZFc6DDlo4nZ7n70dEgE5rtR0oG6ufKDUnrwfWL1mXR5ljDatrQ=="
    },
    "iconv-lite": {
      "version": "0.4.24",
      "resolved": "https://registry.npmjs.org/iconv-lite/-/iconv-lite-0.4.24.tgz",
      "integrity": "sha512-v3MXnZAcvnywkTUEZomIActle7RXXeedOR31wwl7VlyoXO4Qi9arvSenNQWne1TcRwhCL1HwLI21bEqdpj8/rA==",
      "requires": {
        "safer-buffer": ">= 2.1.2 < 3"
      }
    },
    "inherits": {
      "version": "2.0.1",
      "resolved": "https://registry.npmjs.org/inherits/-/inherits-2.0.1.tgz",
      "integrity": "sha1-sX0I0ya0Qj5Wjv9xn5GwscvfafE=",
      "dev": true
    },
    "jasmine-core": {
      "version": "2.4.1",
      "resolved": "https://registry.npmjs.org/jasmine-core/-/jasmine-core-2.4.1.tgz",
      "integrity": "sha1-b4OrOg8WlRcizgfSBsdz1XzIOL4="
    },
    "jquery": {
      "version": "3.6.0",
      "resolved": "https://registry.npmjs.org/jquery/-/jquery-3.6.0.tgz",
      "integrity": "sha512-JVzAR/AjBvVt2BmYhxRCSYysDsPcssdmTFnzyLEts9qNwmjmu4JTAMYubEfwVOSwpQ1I1sKKFcxhZCI2buerfw=="
    },
    "jquery-ui": {
      "version": "1.13.1",
      "resolved": "https://registry.npmjs.org/jquery-ui/-/jquery-ui-1.13.1.tgz",
      "integrity": "sha512-2VlU59N5P4HaumDK1Z3XEVjSvegFbEOQRgpHUBaB2Ak98Axl3hFhJ6RFcNQNuk9SfL6WxIbuLst8dW/U56NSiA==",
      "requires": {
        "jquery": ">=1.8.0 <4.0.0"
      }
    },
    "moment": {
      "version": "2.29.1",
      "resolved": "https://registry.npmjs.org/moment/-/moment-2.29.1.tgz",
      "integrity": "sha512-kHmoybcPV8Sqy59DwNDY3Jefr64lK/by/da0ViFcuA4DH0vQg5Q6Ze5VimxkfQNSC+Mls/Kx53s7TjP1RhFEDQ=="
    },
    "object-assign": {
      "version": "4.1.1",
      "resolved": "https://registry.npmjs.org/object-assign/-/object-assign-4.1.1.tgz",
      "integrity": "sha1-IQmtx5ZYh8/AXLvUQsrIv7s2CGM=",
      "dev": true
    },
    "rangy": {
      "version": "1.3.0",
      "resolved": "https://registry.npmjs.org/rangy/-/rangy-1.3.0.tgz",
      "integrity": "sha1-t8mnCuoF5djNx0qNTIJz1pcnGQQ="
    },
    "reflect-metadata": {
      "version": "0.1.12",
      "resolved": "https://registry.npmjs.org/reflect-metadata/-/reflect-metadata-0.1.12.tgz",
      "integrity": "sha512-n+IyV+nGz3+0q3/Yf1ra12KpCyi001bi4XFxSjbiWWjfqb52iTTtpGXmCCAOWWIAn9KEuFZKGqBERHmrtScZ3A=="
    },
    "rxjs": {
      "version": "5.0.0-beta.12",
      "resolved": "https://registry.npmjs.org/rxjs/-/rxjs-5.0.0-beta.12.tgz",
      "integrity": "sha1-zf3i2MRjnSCud5S/+P3fMtp60zc=",
      "requires": {
        "symbol-observable": "^1.0.1"
      }
    },
    "safer-buffer": {
      "version": "2.1.2",
      "resolved": "https://registry.npmjs.org/safer-buffer/-/safer-buffer-2.1.2.tgz",
      "integrity": "sha512-YZo3K82SD7Riyi0E1EQPojLz7kpepnSQI9IyPbHHg1XXXevb5dJI7tpyN2ADxGcQbHG7vcyRHk0cbwqcQriUtg=="
    },
    "slickgrid": {
      "version": "git+ssh://git@github.com/anthonydresser/SlickGrid.git#a88c0c25fd6cbe01be86b3018f523987a198a6b6",
      "from": "slickgrid@github:anthonydresser/SlickGrid#2.3.23",
      "requires": {
        "jquery": ">=1.8.0",
        "jquery-ui": ">=1.8.0"
      }
    },
    "symbol-observable": {
      "version": "1.2.0",
      "resolved": "https://registry.npmjs.org/symbol-observable/-/symbol-observable-1.2.0.tgz",
      "integrity": "sha512-e900nM8RRtGhlV36KGEU9k65K3mPb1WV70OdjfxlG2EAuM1noi/E/BaW/uMhL7bPEssK8QV57vN3esixjUvcXQ=="
    },
    "sync-exec": {
      "version": "0.6.2",
      "resolved": "https://registry.npmjs.org/sync-exec/-/sync-exec-0.6.2.tgz",
      "integrity": "sha1-cX0izFPwzh3vVZQ2LzqJouu5EQU=",
      "optional": true
    },
    "systemjs": {
      "version": "0.19.40",
      "resolved": "https://registry.npmjs.org/systemjs/-/systemjs-0.19.40.tgz",
      "integrity": "sha1-FY9kqfTvVBp/2mtA5SfuRrbFTNA=",
      "requires": {
        "when": "^3.7.5"
      }
    },
    "systemjs-plugin-json": {
      "version": "0.2.3",
      "resolved": "https://registry.npmjs.org/systemjs-plugin-json/-/systemjs-plugin-json-0.2.3.tgz",
      "integrity": "sha1-jiYq4HWgIRGhPt+s7R0VbYu7gQY="
    },
    "underscore": {
      "version": "1.13.2",
      "resolved": "https://registry.npmjs.org/underscore/-/underscore-1.13.2.tgz",
      "integrity": "sha512-ekY1NhRzq0B08g4bGuX4wd2jZx5GnKz6mKSqFL4nqBlfyMGiG10gDFhDTMEfYmDL6Jy0FUIZp7wiRB+0BP7J2g=="
    },
    "util": {
      "version": "0.10.3",
      "resolved": "https://registry.npmjs.org/util/-/util-0.10.3.tgz",
      "integrity": "sha1-evsa/lCAUkZInj23/g7TeTNqwPk=",
      "dev": true,
      "requires": {
        "inherits": "2.0.1"
      }
    },
    "when": {
      "version": "3.7.8",
      "resolved": "https://registry.npmjs.org/when/-/when-3.7.8.tgz",
      "integrity": "sha1-xxMLan6gRpPoQs3J56Hyqjmjn4I="
    },
    "zone.js": {
      "version": "0.6.26",
      "resolved": "https://registry.npmjs.org/zone.js/-/zone.js-0.6.26.tgz",
      "integrity": "sha1-BnwTuLgCI6ibYuncgmgPCXYsRjY="
    }
  }
}
